// !$*UTF8*$!
{
	archiveVersion = 1;
	classes = {
	};
	objectVersion = 50;
	objects = {

/* Begin PBXBuildFile section */
		349534592755C74D00BAB277 /* AppDelegate.swift in Sources */ = {isa = PBXBuildFile; fileRef = 349534582755C74D00BAB277 /* AppDelegate.swift */; };
		3495345B2755C74D00BAB277 /* SceneDelegate.swift in Sources */ = {isa = PBXBuildFile; fileRef = 3495345A2755C74D00BAB277 /* SceneDelegate.swift */; };
		349534622755C74E00BAB277 /* Assets.xcassets in Resources */ = {isa = PBXBuildFile; fileRef = 349534612755C74E00BAB277 /* Assets.xcassets */; };
		349534652755C74E00BAB277 /* LaunchScreen.storyboard in Resources */ = {isa = PBXBuildFile; fileRef = 349534632755C74E00BAB277 /* LaunchScreen.storyboard */; };
		349534712758B4C600BAB277 /* SearchVC.swift in Sources */ = {isa = PBXBuildFile; fileRef = 349534702758B4C600BAB277 /* SearchVC.swift */; };
		349534732758B4ED00BAB277 /* FavouritesListVC.swift in Sources */ = {isa = PBXBuildFile; fileRef = 349534722758B4ED00BAB277 /* FavouritesListVC.swift */; };
		349534752758B79500BAB277 /* GFButton.swift in Sources */ = {isa = PBXBuildFile; fileRef = 349534742758B79500BAB277 /* GFButton.swift */; };
		349534772758B96400BAB277 /* GFTextField.swift in Sources */ = {isa = PBXBuildFile; fileRef = 349534762758B96400BAB277 /* GFTextField.swift */; };
		34953479275B369400BAB277 /* FollowerListVC.swift in Sources */ = {isa = PBXBuildFile; fileRef = 34953478275B369400BAB277 /* FollowerListVC.swift */; };
		3495347B275B398400BAB277 /* String+Ext.swift in Sources */ = {isa = PBXBuildFile; fileRef = 3495347A275B398400BAB277 /* String+Ext.swift */; };
		3495347D275B39F300BAB277 /* GFTitleLabel.swift in Sources */ = {isa = PBXBuildFile; fileRef = 3495347C275B39F300BAB277 /* GFTitleLabel.swift */; };
		3495347F275B3AF900BAB277 /* GFBodyLabel.swift in Sources */ = {isa = PBXBuildFile; fileRef = 3495347E275B3AF900BAB277 /* GFBodyLabel.swift */; };
		34953481275B3B9800BAB277 /* GFAlertVC.swift in Sources */ = {isa = PBXBuildFile; fileRef = 34953480275B3B9800BAB277 /* GFAlertVC.swift */; };
		34953483275B3DB800BAB277 /* GFAlertContainerView.swift in Sources */ = {isa = PBXBuildFile; fileRef = 34953482275B3DB800BAB277 /* GFAlertContainerView.swift */; };
		34953485275B7DB800BAB277 /* UIViewController+Ext.swift in Sources */ = {isa = PBXBuildFile; fileRef = 34953484275B7DB800BAB277 /* UIViewController+Ext.swift */; };
		3495348D275D952600BAB277 /* Follower.swift in Sources */ = {isa = PBXBuildFile; fileRef = 3495348C275D952600BAB277 /* Follower.swift */; };
		3495348F275D95DC00BAB277 /* User.swift in Sources */ = {isa = PBXBuildFile; fileRef = 3495348E275D95DC00BAB277 /* User.swift */; };
		34953491275D999300BAB277 /* NetworkManager.swift in Sources */ = {isa = PBXBuildFile; fileRef = 34953490275D999300BAB277 /* NetworkManager.swift */; };
		34953498275DACF100BAB277 /* FollowerCell.swift in Sources */ = {isa = PBXBuildFile; fileRef = 34953497275DACF100BAB277 /* FollowerCell.swift */; };
		3495349A275DAD6500BAB277 /* GFAvatarImageView.swift in Sources */ = {isa = PBXBuildFile; fileRef = 34953499275DAD6500BAB277 /* GFAvatarImageView.swift */; };
		3495349C275E090600BAB277 /* UIHelper.swift in Sources */ = {isa = PBXBuildFile; fileRef = 3495349B275E090600BAB277 /* UIHelper.swift */; };
		349534A42760309C00BAB277 /* GFEmptyStateView.swift in Sources */ = {isa = PBXBuildFile; fileRef = 349534A32760309C00BAB277 /* GFEmptyStateView.swift */; };
		349534A627604AD600BAB277 /* UserInfoVC.swift in Sources */ = {isa = PBXBuildFile; fileRef = 349534A527604AD600BAB277 /* UserInfoVC.swift */; };
		349534A827605A3900BAB277 /* GFError.swift in Sources */ = {isa = PBXBuildFile; fileRef = 349534A727605A3900BAB277 /* GFError.swift */; };
		349534AA2763186700BAB277 /* GFUserInfoHeaderVC.swift in Sources */ = {isa = PBXBuildFile; fileRef = 349534A92763186700BAB277 /* GFUserInfoHeaderVC.swift */; };
		349534AC276318CA00BAB277 /* GFSecondaryTitleLabel.swift in Sources */ = {isa = PBXBuildFile; fileRef = 349534AB276318CA00BAB277 /* GFSecondaryTitleLabel.swift */; };
		349534AE2763203100BAB277 /* Constants.swift in Sources */ = {isa = PBXBuildFile; fileRef = 349534AD2763203100BAB277 /* Constants.swift */; };
		349534B0276453ED00BAB277 /* GFItemInfoView.swift in Sources */ = {isa = PBXBuildFile; fileRef = 349534AF276453ED00BAB277 /* GFItemInfoView.swift */; };
		349534B2276458CE00BAB277 /* GFItemInfoVC.swift in Sources */ = {isa = PBXBuildFile; fileRef = 349534B1276458CE00BAB277 /* GFItemInfoVC.swift */; };
		349534B427645B4700BAB277 /* GFRepoItemVC.swift in Sources */ = {isa = PBXBuildFile; fileRef = 349534B327645B4700BAB277 /* GFRepoItemVC.swift */; };
		349534B627645D8D00BAB277 /* GFFollowerItemVC.swift in Sources */ = {isa = PBXBuildFile; fileRef = 349534B527645D8D00BAB277 /* GFFollowerItemVC.swift */; };
		349534B9276BEFD800BAB277 /* Date+Ext.swift in Sources */ = {isa = PBXBuildFile; fileRef = 349534B8276BEFD800BAB277 /* Date+Ext.swift */; };
		349534BB276C5A3800BAB277 /* PersistenceManager.swift in Sources */ = {isa = PBXBuildFile; fileRef = 349534BA276C5A3800BAB277 /* PersistenceManager.swift */; };
		349534BD276D8EE300BAB277 /* FavouriteCell.swift in Sources */ = {isa = PBXBuildFile; fileRef = 349534BC276D8EE300BAB277 /* FavouriteCell.swift */; };
/* End PBXBuildFile section */

/* Begin PBXFileReference section */
		349534552755C74D00BAB277 /* GitHubFollowers.app */ = {isa = PBXFileReference; explicitFileType = wrapper.application; includeInIndex = 0; path = GitHubFollowers.app; sourceTree = BUILT_PRODUCTS_DIR; };
		349534582755C74D00BAB277 /* AppDelegate.swift */ = {isa = PBXFileReference; lastKnownFileType = sourcecode.swift; path = AppDelegate.swift; sourceTree = "<group>"; };
		3495345A2755C74D00BAB277 /* SceneDelegate.swift */ = {isa = PBXFileReference; lastKnownFileType = sourcecode.swift; path = SceneDelegate.swift; sourceTree = "<group>"; };
		349534612755C74E00BAB277 /* Assets.xcassets */ = {isa = PBXFileReference; lastKnownFileType = folder.assetcatalog; path = Assets.xcassets; sourceTree = "<group>"; };
		349534642755C74E00BAB277 /* Base */ = {isa = PBXFileReference; lastKnownFileType = file.storyboard; name = Base; path = Base.lproj/LaunchScreen.storyboard; sourceTree = "<group>"; };
		349534662755C74E00BAB277 /* Info.plist */ = {isa = PBXFileReference; lastKnownFileType = text.plist.xml; path = Info.plist; sourceTree = "<group>"; };
		349534702758B4C600BAB277 /* SearchVC.swift */ = {isa = PBXFileReference; lastKnownFileType = sourcecode.swift; path = SearchVC.swift; sourceTree = "<group>"; };
		349534722758B4ED00BAB277 /* FavouritesListVC.swift */ = {isa = PBXFileReference; lastKnownFileType = sourcecode.swift; path = FavouritesListVC.swift; sourceTree = "<group>"; };
		349534742758B79500BAB277 /* GFButton.swift */ = {isa = PBXFileReference; lastKnownFileType = sourcecode.swift; path = GFButton.swift; sourceTree = "<group>"; };
		349534762758B96400BAB277 /* GFTextField.swift */ = {isa = PBXFileReference; lastKnownFileType = sourcecode.swift; path = GFTextField.swift; sourceTree = "<group>"; };
		34953478275B369400BAB277 /* FollowerListVC.swift */ = {isa = PBXFileReference; lastKnownFileType = sourcecode.swift; path = FollowerListVC.swift; sourceTree = "<group>"; };
		3495347A275B398400BAB277 /* String+Ext.swift */ = {isa = PBXFileReference; fileEncoding = 4; lastKnownFileType = sourcecode.swift; path = "String+Ext.swift"; sourceTree = "<group>"; };
		3495347C275B39F300BAB277 /* GFTitleLabel.swift */ = {isa = PBXFileReference; lastKnownFileType = sourcecode.swift; path = GFTitleLabel.swift; sourceTree = "<group>"; };
		3495347E275B3AF900BAB277 /* GFBodyLabel.swift */ = {isa = PBXFileReference; lastKnownFileType = sourcecode.swift; path = GFBodyLabel.swift; sourceTree = "<group>"; };
		34953480275B3B9800BAB277 /* GFAlertVC.swift */ = {isa = PBXFileReference; lastKnownFileType = sourcecode.swift; path = GFAlertVC.swift; sourceTree = "<group>"; };
		34953482275B3DB800BAB277 /* GFAlertContainerView.swift */ = {isa = PBXFileReference; lastKnownFileType = sourcecode.swift; path = GFAlertContainerView.swift; sourceTree = "<group>"; };
		34953484275B7DB800BAB277 /* UIViewController+Ext.swift */ = {isa = PBXFileReference; lastKnownFileType = sourcecode.swift; path = "UIViewController+Ext.swift"; sourceTree = "<group>"; };
		3495348C275D952600BAB277 /* Follower.swift */ = {isa = PBXFileReference; lastKnownFileType = sourcecode.swift; path = Follower.swift; sourceTree = "<group>"; };
		3495348E275D95DC00BAB277 /* User.swift */ = {isa = PBXFileReference; lastKnownFileType = sourcecode.swift; path = User.swift; sourceTree = "<group>"; };
		34953490275D999300BAB277 /* NetworkManager.swift */ = {isa = PBXFileReference; lastKnownFileType = sourcecode.swift; path = NetworkManager.swift; sourceTree = "<group>"; };
		34953497275DACF100BAB277 /* FollowerCell.swift */ = {isa = PBXFileReference; lastKnownFileType = sourcecode.swift; path = FollowerCell.swift; sourceTree = "<group>"; };
		34953499275DAD6500BAB277 /* GFAvatarImageView.swift */ = {isa = PBXFileReference; lastKnownFileType = sourcecode.swift; path = GFAvatarImageView.swift; sourceTree = "<group>"; };
		3495349B275E090600BAB277 /* UIHelper.swift */ = {isa = PBXFileReference; lastKnownFileType = sourcecode.swift; path = UIHelper.swift; sourceTree = "<group>"; };
		349534A32760309C00BAB277 /* GFEmptyStateView.swift */ = {isa = PBXFileReference; lastKnownFileType = sourcecode.swift; path = GFEmptyStateView.swift; sourceTree = "<group>"; };
		349534A527604AD600BAB277 /* UserInfoVC.swift */ = {isa = PBXFileReference; lastKnownFileType = sourcecode.swift; path = UserInfoVC.swift; sourceTree = "<group>"; };
		349534A727605A3900BAB277 /* GFError.swift */ = {isa = PBXFileReference; lastKnownFileType = sourcecode.swift; path = GFError.swift; sourceTree = "<group>"; };
		349534A92763186700BAB277 /* GFUserInfoHeaderVC.swift */ = {isa = PBXFileReference; lastKnownFileType = sourcecode.swift; path = GFUserInfoHeaderVC.swift; sourceTree = "<group>"; };
		349534AB276318CA00BAB277 /* GFSecondaryTitleLabel.swift */ = {isa = PBXFileReference; lastKnownFileType = sourcecode.swift; path = GFSecondaryTitleLabel.swift; sourceTree = "<group>"; };
		349534AD2763203100BAB277 /* Constants.swift */ = {isa = PBXFileReference; lastKnownFileType = sourcecode.swift; path = Constants.swift; sourceTree = "<group>"; };
		349534AF276453ED00BAB277 /* GFItemInfoView.swift */ = {isa = PBXFileReference; lastKnownFileType = sourcecode.swift; path = GFItemInfoView.swift; sourceTree = "<group>"; };
		349534B1276458CE00BAB277 /* GFItemInfoVC.swift */ = {isa = PBXFileReference; lastKnownFileType = sourcecode.swift; path = GFItemInfoVC.swift; sourceTree = "<group>"; };
		349534B327645B4700BAB277 /* GFRepoItemVC.swift */ = {isa = PBXFileReference; lastKnownFileType = sourcecode.swift; path = GFRepoItemVC.swift; sourceTree = "<group>"; };
		349534B527645D8D00BAB277 /* GFFollowerItemVC.swift */ = {isa = PBXFileReference; lastKnownFileType = sourcecode.swift; path = GFFollowerItemVC.swift; sourceTree = "<group>"; };
		349534B8276BEFD800BAB277 /* Date+Ext.swift */ = {isa = PBXFileReference; lastKnownFileType = sourcecode.swift; path = "Date+Ext.swift"; sourceTree = "<group>"; };
		349534BA276C5A3800BAB277 /* PersistenceManager.swift */ = {isa = PBXFileReference; lastKnownFileType = sourcecode.swift; path = PersistenceManager.swift; sourceTree = "<group>"; };
		349534BC276D8EE300BAB277 /* FavouriteCell.swift */ = {isa = PBXFileReference; lastKnownFileType = sourcecode.swift; path = FavouriteCell.swift; sourceTree = "<group>"; };
/* End PBXFileReference section */

/* Begin PBXFrameworksBuildPhase section */
		349534522755C74D00BAB277 /* Frameworks */ = {
			isa = PBXFrameworksBuildPhase;
			buildActionMask = 2147483647;
			files = (
			);
			runOnlyForDeploymentPostprocessing = 0;
		};
/* End PBXFrameworksBuildPhase section */

/* Begin PBXGroup section */
		3495344C2755C74D00BAB277 = {
			isa = PBXGroup;
			children = (
				349534572755C74D00BAB277 /* GitHubFollowers */,
				349534562755C74D00BAB277 /* Products */,
			);
			sourceTree = "<group>";
		};
		349534562755C74D00BAB277 /* Products */ = {
			isa = PBXGroup;
			children = (
				349534552755C74D00BAB277 /* GitHubFollowers.app */,
			);
			name = Products;
			sourceTree = "<group>";
		};
		349534572755C74D00BAB277 /* GitHubFollowers */ = {
			isa = PBXGroup;
			children = (
				34953493275DA0AE00BAB277 /* Utilities */,
				34953492275D999900BAB277 /* Managers */,
				3495348B275D951E00BAB277 /* Model */,
				34953487275B7FEF00BAB277 /* Custom Views */,
				34953486275B7FC300BAB277 /* Screens */,
				34953489275B801C00BAB277 /* Extensions */,
				3495348A275B806300BAB277 /* Support */,
				349534662755C74E00BAB277 /* Info.plist */,
			);
			path = GitHubFollowers;
			sourceTree = "<group>";
		};
		34953486275B7FC300BAB277 /* Screens */ = {
			isa = PBXGroup;
			children = (
				349534702758B4C600BAB277 /* SearchVC.swift */,
				34953478275B369400BAB277 /* FollowerListVC.swift */,
				349534722758B4ED00BAB277 /* FavouritesListVC.swift */,
				349534A527604AD600BAB277 /* UserInfoVC.swift */,
			);
			path = Screens;
			sourceTree = "<group>";
		};
		34953487275B7FEF00BAB277 /* Custom Views */ = {
			isa = PBXGroup;
			children = (
				349534A22760308000BAB277 /* Labels */,
				349534A12760306700BAB277 /* ViewControllers */,
				349534A02760306000BAB277 /* ImageViews */,
				3495349F2760305900BAB277 /* TextFields */,
				3495349E2760305200BAB277 /* Buttons */,
				3495349D2760304B00BAB277 /* Views */,
				34953496275DACCF00BAB277 /* Cells */,
			);
			path = "Custom Views";
			sourceTree = "<group>";
		};
		34953489275B801C00BAB277 /* Extensions */ = {
			isa = PBXGroup;
			children = (
				34953484275B7DB800BAB277 /* UIViewController+Ext.swift */,
				349534B8276BEFD800BAB277 /* Date+Ext.swift */,
				3495347A275B398400BAB277 /* String+Ext.swift */,
			);
			path = Extensions;
			sourceTree = "<group>";
		};
		3495348A275B806300BAB277 /* Support */ = {
			isa = PBXGroup;
			children = (
				349534612755C74E00BAB277 /* Assets.xcassets */,
				349534582755C74D00BAB277 /* AppDelegate.swift */,
				3495345A2755C74D00BAB277 /* SceneDelegate.swift */,
				349534632755C74E00BAB277 /* LaunchScreen.storyboard */,
			);
			path = Support;
			sourceTree = "<group>";
		};
		3495348B275D951E00BAB277 /* Model */ = {
			isa = PBXGroup;
			children = (
				3495348C275D952600BAB277 /* Follower.swift */,
				3495348E275D95DC00BAB277 /* User.swift */,
			);
			path = Model;
			sourceTree = "<group>";
		};
		34953492275D999900BAB277 /* Managers */ = {
			isa = PBXGroup;
			children = (
				34953490275D999300BAB277 /* NetworkManager.swift */,
				349534BA276C5A3800BAB277 /* PersistenceManager.swift */,
			);
			path = Managers;
			sourceTree = "<group>";
		};
		34953493275DA0AE00BAB277 /* Utilities */ = {
			isa = PBXGroup;
			children = (
				3495349B275E090600BAB277 /* UIHelper.swift */,
				349534A727605A3900BAB277 /* GFError.swift */,
				349534AD2763203100BAB277 /* Constants.swift */,
			);
			path = Utilities;
			sourceTree = "<group>";
		};
		34953496275DACCF00BAB277 /* Cells */ = {
			isa = PBXGroup;
			children = (
				34953497275DACF100BAB277 /* FollowerCell.swift */,
				349534BC276D8EE300BAB277 /* FavouriteCell.swift */,
			);
			path = Cells;
			sourceTree = "<group>";
		};
		3495349D2760304B00BAB277 /* Views */ = {
			isa = PBXGroup;
			children = (
				34953482275B3DB800BAB277 /* GFAlertContainerView.swift */,
				349534A32760309C00BAB277 /* GFEmptyStateView.swift */,
				349534AF276453ED00BAB277 /* GFItemInfoView.swift */,
			);
			path = Views;
			sourceTree = "<group>";
		};
		3495349E2760305200BAB277 /* Buttons */ = {
			isa = PBXGroup;
			children = (
				349534742758B79500BAB277 /* GFButton.swift */,
			);
			path = Buttons;
			sourceTree = "<group>";
		};
		3495349F2760305900BAB277 /* TextFields */ = {
			isa = PBXGroup;
			children = (
				349534762758B96400BAB277 /* GFTextField.swift */,
			);
			path = TextFields;
			sourceTree = "<group>";
		};
		349534A02760306000BAB277 /* ImageViews */ = {
			isa = PBXGroup;
			children = (
				34953499275DAD6500BAB277 /* GFAvatarImageView.swift */,
			);
			path = ImageViews;
			sourceTree = "<group>";
		};
		349534A12760306700BAB277 /* ViewControllers */ = {
			isa = PBXGroup;
			children = (
				349534B727645DE300BAB277 /* ItemInfoVCs */,
				34953480275B3B9800BAB277 /* GFAlertVC.swift */,
				349534A92763186700BAB277 /* GFUserInfoHeaderVC.swift */,
			);
			path = ViewControllers;
			sourceTree = "<group>";
		};
		349534A22760308000BAB277 /* Labels */ = {
			isa = PBXGroup;
			children = (
				3495347C275B39F300BAB277 /* GFTitleLabel.swift */,
				3495347E275B3AF900BAB277 /* GFBodyLabel.swift */,
				349534AB276318CA00BAB277 /* GFSecondaryTitleLabel.swift */,
			);
			path = Labels;
			sourceTree = "<group>";
		};
		349534B727645DE300BAB277 /* ItemInfoVCs */ = {
			isa = PBXGroup;
			children = (
				349534B1276458CE00BAB277 /* GFItemInfoVC.swift */,
				349534B527645D8D00BAB277 /* GFFollowerItemVC.swift */,
				349534B327645B4700BAB277 /* GFRepoItemVC.swift */,
			);
			path = ItemInfoVCs;
			sourceTree = "<group>";
		};
/* End PBXGroup section */

/* Begin PBXNativeTarget section */
		349534542755C74D00BAB277 /* GitHubFollowers */ = {
			isa = PBXNativeTarget;
			buildConfigurationList = 349534692755C74E00BAB277 /* Build configuration list for PBXNativeTarget "GitHubFollowers" */;
			buildPhases = (
				349534512755C74D00BAB277 /* Sources */,
				349534522755C74D00BAB277 /* Frameworks */,
				349534532755C74D00BAB277 /* Resources */,
			);
			buildRules = (
			);
			dependencies = (
			);
			name = GitHubFollowers;
			productName = GitHubFollowers;
			productReference = 349534552755C74D00BAB277 /* GitHubFollowers.app */;
			productType = "com.apple.product-type.application";
		};
/* End PBXNativeTarget section */

/* Begin PBXProject section */
		3495344D2755C74D00BAB277 /* Project object */ = {
			isa = PBXProject;
			attributes = {
				LastSwiftUpdateCheck = 1250;
				LastUpgradeCheck = 1250;
				TargetAttributes = {
					349534542755C74D00BAB277 = {
						CreatedOnToolsVersion = 12.5;
					};
				};
			};
			buildConfigurationList = 349534502755C74D00BAB277 /* Build configuration list for PBXProject "GitHubFollowers" */;
			compatibilityVersion = "Xcode 9.3";
			developmentRegion = en;
			hasScannedForEncodings = 0;
			knownRegions = (
				en,
				Base,
			);
			mainGroup = 3495344C2755C74D00BAB277;
			productRefGroup = 349534562755C74D00BAB277 /* Products */;
			projectDirPath = "";
			projectRoot = "";
			targets = (
				349534542755C74D00BAB277 /* GitHubFollowers */,
			);
		};
/* End PBXProject section */

/* Begin PBXResourcesBuildPhase section */
		349534532755C74D00BAB277 /* Resources */ = {
			isa = PBXResourcesBuildPhase;
			buildActionMask = 2147483647;
			files = (
				349534652755C74E00BAB277 /* LaunchScreen.storyboard in Resources */,
				349534622755C74E00BAB277 /* Assets.xcassets in Resources */,
			);
			runOnlyForDeploymentPostprocessing = 0;
		};
/* End PBXResourcesBuildPhase section */

/* Begin PBXSourcesBuildPhase section */
		349534512755C74D00BAB277 /* Sources */ = {
			isa = PBXSourcesBuildPhase;
			buildActionMask = 2147483647;
			files = (
				349534AE2763203100BAB277 /* Constants.swift in Sources */,
				349534772758B96400BAB277 /* GFTextField.swift in Sources */,
				349534A827605A3900BAB277 /* GFError.swift in Sources */,
				349534BD276D8EE300BAB277 /* FavouriteCell.swift in Sources */,
				3495348D275D952600BAB277 /* Follower.swift in Sources */,
				3495349C275E090600BAB277 /* UIHelper.swift in Sources */,
				34953485275B7DB800BAB277 /* UIViewController+Ext.swift in Sources */,
				349534732758B4ED00BAB277 /* FavouritesListVC.swift in Sources */,
				34953491275D999300BAB277 /* NetworkManager.swift in Sources */,
				349534B0276453ED00BAB277 /* GFItemInfoView.swift in Sources */,
				349534B9276BEFD800BAB277 /* Date+Ext.swift in Sources */,
				349534B2276458CE00BAB277 /* GFItemInfoVC.swift in Sources */,
				349534752758B79500BAB277 /* GFButton.swift in Sources */,
				349534BB276C5A3800BAB277 /* PersistenceManager.swift in Sources */,
				349534712758B4C600BAB277 /* SearchVC.swift in Sources */,
				349534B427645B4700BAB277 /* GFRepoItemVC.swift in Sources */,
				3495349A275DAD6500BAB277 /* GFAvatarImageView.swift in Sources */,
				34953479275B369400BAB277 /* FollowerListVC.swift in Sources */,
				34953481275B3B9800BAB277 /* GFAlertVC.swift in Sources */,
				3495348F275D95DC00BAB277 /* User.swift in Sources */,
				349534AC276318CA00BAB277 /* GFSecondaryTitleLabel.swift in Sources */,
				34953498275DACF100BAB277 /* FollowerCell.swift in Sources */,
				349534592755C74D00BAB277 /* AppDelegate.swift in Sources */,
				349534AA2763186700BAB277 /* GFUserInfoHeaderVC.swift in Sources */,
				349534A42760309C00BAB277 /* GFEmptyStateView.swift in Sources */,
				3495347D275B39F300BAB277 /* GFTitleLabel.swift in Sources */,
				3495347B275B398400BAB277 /* String+Ext.swift in Sources */,
				349534B627645D8D00BAB277 /* GFFollowerItemVC.swift in Sources */,
				3495345B2755C74D00BAB277 /* SceneDelegate.swift in Sources */,
				3495347F275B3AF900BAB277 /* GFBodyLabel.swift in Sources */,
				34953483275B3DB800BAB277 /* GFAlertContainerView.swift in Sources */,
				349534A627604AD600BAB277 /* UserInfoVC.swift in Sources */,
			);
			runOnlyForDeploymentPostprocessing = 0;
		};
/* End PBXSourcesBuildPhase section */

/* Begin PBXVariantGroup section */
		349534632755C74E00BAB277 /* LaunchScreen.storyboard */ = {
			isa = PBXVariantGroup;
			children = (
				349534642755C74E00BAB277 /* Base */,
			);
			name = LaunchScreen.storyboard;
			sourceTree = "<group>";
		};
/* End PBXVariantGroup section */

/* Begin XCBuildConfiguration section */
		349534672755C74E00BAB277 /* Debug */ = {
			isa = XCBuildConfiguration;
			buildSettings = {
				ALWAYS_SEARCH_USER_PATHS = NO;
				CLANG_ANALYZER_NONNULL = YES;
				CLANG_ANALYZER_NUMBER_OBJECT_CONVERSION = YES_AGGRESSIVE;
				CLANG_CXX_LANGUAGE_STANDARD = "gnu++14";
				CLANG_CXX_LIBRARY = "libc++";
				CLANG_ENABLE_MODULES = YES;
				CLANG_ENABLE_OBJC_ARC = YES;
				CLANG_ENABLE_OBJC_WEAK = YES;
				CLANG_WARN_BLOCK_CAPTURE_AUTORELEASING = YES;
				CLANG_WARN_BOOL_CONVERSION = YES;
				CLANG_WARN_COMMA = YES;
				CLANG_WARN_CONSTANT_CONVERSION = YES;
				CLANG_WARN_DEPRECATED_OBJC_IMPLEMENTATIONS = YES;
				CLANG_WARN_DIRECT_OBJC_ISA_USAGE = YES_ERROR;
				CLANG_WARN_DOCUMENTATION_COMMENTS = YES;
				CLANG_WARN_EMPTY_BODY = YES;
				CLANG_WARN_ENUM_CONVERSION = YES;
				CLANG_WARN_INFINITE_RECURSION = YES;
				CLANG_WARN_INT_CONVERSION = YES;
				CLANG_WARN_NON_LITERAL_NULL_CONVERSION = YES;
				CLANG_WARN_OBJC_IMPLICIT_RETAIN_SELF = YES;
				CLANG_WARN_OBJC_LITERAL_CONVERSION = YES;
				CLANG_WARN_OBJC_ROOT_CLASS = YES_ERROR;
				CLANG_WARN_QUOTED_INCLUDE_IN_FRAMEWORK_HEADER = YES;
				CLANG_WARN_RANGE_LOOP_ANALYSIS = YES;
				CLANG_WARN_STRICT_PROTOTYPES = YES;
				CLANG_WARN_SUSPICIOUS_MOVE = YES;
				CLANG_WARN_UNGUARDED_AVAILABILITY = YES_AGGRESSIVE;
				CLANG_WARN_UNREACHABLE_CODE = YES;
				CLANG_WARN__DUPLICATE_METHOD_MATCH = YES;
				COPY_PHASE_STRIP = NO;
				DEBUG_INFORMATION_FORMAT = dwarf;
				ENABLE_STRICT_OBJC_MSGSEND = YES;
				ENABLE_TESTABILITY = YES;
				GCC_C_LANGUAGE_STANDARD = gnu11;
				GCC_DYNAMIC_NO_PIC = NO;
				GCC_NO_COMMON_BLOCKS = YES;
				GCC_OPTIMIZATION_LEVEL = 0;
				GCC_PREPROCESSOR_DEFINITIONS = (
					"DEBUG=1",
					"$(inherited)",
				);
				GCC_WARN_64_TO_32_BIT_CONVERSION = YES;
				GCC_WARN_ABOUT_RETURN_TYPE = YES_ERROR;
				GCC_WARN_UNDECLARED_SELECTOR = YES;
				GCC_WARN_UNINITIALIZED_AUTOS = YES_AGGRESSIVE;
				GCC_WARN_UNUSED_FUNCTION = YES;
				GCC_WARN_UNUSED_VARIABLE = YES;
				IPHONEOS_DEPLOYMENT_TARGET = 14.5;
				MTL_ENABLE_DEBUG_INFO = INCLUDE_SOURCE;
				MTL_FAST_MATH = YES;
				ONLY_ACTIVE_ARCH = YES;
				SDKROOT = iphoneos;
				SWIFT_ACTIVE_COMPILATION_CONDITIONS = DEBUG;
				SWIFT_OPTIMIZATION_LEVEL = "-Onone";
			};
			name = Debug;
		};
		349534682755C74E00BAB277 /* Release */ = {
			isa = XCBuildConfiguration;
			buildSettings = {
				ALWAYS_SEARCH_USER_PATHS = NO;
				CLANG_ANALYZER_NONNULL = YES;
				CLANG_ANALYZER_NUMBER_OBJECT_CONVERSION = YES_AGGRESSIVE;
				CLANG_CXX_LANGUAGE_STANDARD = "gnu++14";
				CLANG_CXX_LIBRARY = "libc++";
				CLANG_ENABLE_MODULES = YES;
				CLANG_ENABLE_OBJC_ARC = YES;
				CLANG_ENABLE_OBJC_WEAK = YES;
				CLANG_WARN_BLOCK_CAPTURE_AUTORELEASING = YES;
				CLANG_WARN_BOOL_CONVERSION = YES;
				CLANG_WARN_COMMA = YES;
				CLANG_WARN_CONSTANT_CONVERSION = YES;
				CLANG_WARN_DEPRECATED_OBJC_IMPLEMENTATIONS = YES;
				CLANG_WARN_DIRECT_OBJC_ISA_USAGE = YES_ERROR;
				CLANG_WARN_DOCUMENTATION_COMMENTS = YES;
				CLANG_WARN_EMPTY_BODY = YES;
				CLANG_WARN_ENUM_CONVERSION = YES;
				CLANG_WARN_INFINITE_RECURSION = YES;
				CLANG_WARN_INT_CONVERSION = YES;
				CLANG_WARN_NON_LITERAL_NULL_CONVERSION = YES;
				CLANG_WARN_OBJC_IMPLICIT_RETAIN_SELF = YES;
				CLANG_WARN_OBJC_LITERAL_CONVERSION = YES;
				CLANG_WARN_OBJC_ROOT_CLASS = YES_ERROR;
				CLANG_WARN_QUOTED_INCLUDE_IN_FRAMEWORK_HEADER = YES;
				CLANG_WARN_RANGE_LOOP_ANALYSIS = YES;
				CLANG_WARN_STRICT_PROTOTYPES = YES;
				CLANG_WARN_SUSPICIOUS_MOVE = YES;
				CLANG_WARN_UNGUARDED_AVAILABILITY = YES_AGGRESSIVE;
				CLANG_WARN_UNREACHABLE_CODE = YES;
				CLANG_WARN__DUPLICATE_METHOD_MATCH = YES;
				COPY_PHASE_STRIP = NO;
				DEBUG_INFORMATION_FORMAT = "dwarf-with-dsym";
				ENABLE_NS_ASSERTIONS = NO;
				ENABLE_STRICT_OBJC_MSGSEND = YES;
				GCC_C_LANGUAGE_STANDARD = gnu11;
				GCC_NO_COMMON_BLOCKS = YES;
				GCC_WARN_64_TO_32_BIT_CONVERSION = YES;
				GCC_WARN_ABOUT_RETURN_TYPE = YES_ERROR;
				GCC_WARN_UNDECLARED_SELECTOR = YES;
				GCC_WARN_UNINITIALIZED_AUTOS = YES_AGGRESSIVE;
				GCC_WARN_UNUSED_FUNCTION = YES;
				GCC_WARN_UNUSED_VARIABLE = YES;
				IPHONEOS_DEPLOYMENT_TARGET = 14.5;
				MTL_ENABLE_DEBUG_INFO = NO;
				MTL_FAST_MATH = YES;
				SDKROOT = iphoneos;
				SWIFT_COMPILATION_MODE = wholemodule;
				SWIFT_OPTIMIZATION_LEVEL = "-O";
				VALIDATE_PRODUCT = YES;
			};
			name = Release;
		};
		3495346A2755C74E00BAB277 /* Debug */ = {
			isa = XCBuildConfiguration;
			buildSettings = {
				ASSETCATALOG_COMPILER_APPICON_NAME = AppIcon;
				ASSETCATALOG_COMPILER_GLOBAL_ACCENT_COLOR_NAME = AccentColor;
				CODE_SIGN_STYLE = Automatic;
				DEVELOPMENT_TEAM = DZKT5GZ7HG;
				INFOPLIST_FILE = GitHubFollowers/Info.plist;
				LD_RUNPATH_SEARCH_PATHS = (
					"$(inherited)",
					"@executable_path/Frameworks",
				);
				PRODUCT_BUNDLE_IDENTIFIER = co.matthewtseng.GitHubFollowers;
				PRODUCT_NAME = "$(TARGET_NAME)";
				SWIFT_VERSION = 5.0;
				TARGETED_DEVICE_FAMILY = 1;
			};
			name = Debug;
		};
		3495346B2755C74E00BAB277 /* Release */ = {
			isa = XCBuildConfiguration;
			buildSettings = {
				ASSETCATALOG_COMPILER_APPICON_NAME = AppIcon;
				ASSETCATALOG_COMPILER_GLOBAL_ACCENT_COLOR_NAME = AccentColor;
				CODE_SIGN_STYLE = Automatic;
				DEVELOPMENT_TEAM = DZKT5GZ7HG;
				INFOPLIST_FILE = GitHubFollowers/Info.plist;
				LD_RUNPATH_SEARCH_PATHS = (
					"$(inherited)",
					"@executable_path/Frameworks",
				);
				PRODUCT_BUNDLE_IDENTIFIER = co.matthewtseng.GitHubFollowers;
				PRODUCT_NAME = "$(TARGET_NAME)";
				SWIFT_VERSION = 5.0;
				TARGETED_DEVICE_FAMILY = 1;
			};
			name = Release;
		};
/* End XCBuildConfiguration section */

/* Begin XCConfigurationList section */
		349534502755C74D00BAB277 /* Build configuration list for PBXProject "GitHubFollowers" */ = {
			isa = XCConfigurationList;
			buildConfigurations = (
				349534672755C74E00BAB277 /* Debug */,
				349534682755C74E00BAB277 /* Release */,
			);
			defaultConfigurationIsVisible = 0;
			defaultConfigurationName = Release;
		};
		349534692755C74E00BAB277 /* Build configuration list for PBXNativeTarget "GitHubFollowers" */ = {
			isa = XCConfigurationList;
			buildConfigurations = (
				3495346A2755C74E00BAB277 /* Debug */,
				3495346B2755C74E00BAB277 /* Release */,
			);
			defaultConfigurationIsVisible = 0;
			defaultConfigurationName = Release;
		};
/* End XCConfigurationList section */
	};
	rootObject = 3495344D2755C74D00BAB277 /* Project object */;
}
